
Microsoft Visual Studio Solution File, Format Version 12.00
# Visual Studio Version 16
VisualStudioVersion = 25.0.1706.6
MinimumVisualStudioVersion = 10.0.40219.1
Project("{FAE04EC0-301F-11D3-BF4B-00C04F79EFBC}") = "restaurant", "restaurant\restaurant.csproj", "{667A2DE6-9918-4CAF-83C5-F8E79244F0F3}"
EndProject
Project("{FAE04EC0-301F-11D3-BF4B-00C04F79EFBC}") = "restaurant-test", "restaurant-test\restaurant-test.csproj", "{FEC882E1-FCEB-4F7B-AFCA-CA752D2396F3}"
EndProject
Global
	GlobalSection(SolutionConfigurationPlatforms) = preSolution
		Debug|Any CPU = Debug|Any CPU
		Release|Any CPU = Release|Any CPU
	EndGlobalSection
	GlobalSection(ProjectConfigurationPlatforms) = postSolution
		{667A2DE6-9918-4CAF-83C5-F8E79244F0F3}.Debug|Any CPU.ActiveCfg = Debug|Any CPU
		{667A2DE6-9918-4CAF-83C5-F8E79244F0F3}.Debug|Any CPU.Build.0 = Debug|Any CPU
		{667A2DE6-9918-4CAF-83C5-F8E79244F0F3}.Release|Any CPU.ActiveCfg = Release|Any CPU
		{667A2DE6-9918-4CAF-83C5-F8E79244F0F3}.Release|Any CPU.Build.0 = Release|Any CPU
		{FEC882E1-FCEB-4F7B-AFCA-CA752D2396F3}.Debug|Any CPU.ActiveCfg = Debug|Any CPU
		{FEC882E1-FCEB-4F7B-AFCA-CA752D2396F3}.Debug|Any CPU.Build.0 = Debug|Any CPU
		{FEC882E1-FCEB-4F7B-AFCA-CA752D2396F3}.Release|Any CPU.ActiveCfg = Release|Any CPU
		{FEC882E1-FCEB-4F7B-AFCA-CA752D2396F3}.Release|Any CPU.Build.0 = Release|Any CPU
	EndGlobalSection
	GlobalSection(SolutionProperties) = preSolution
		HideSolutionNode = FALSE
	EndGlobalSection
	GlobalSection(ExtensibilityGlobals) = postSolution
		SolutionGuid = {DE1D0DFD-FD71-4D60-9A66-EDCD660D5300}
	EndGlobalSection
EndGlobal
